<Solution>
  <Configurations>
    <Platform Name="ARM64" />
    <Platform Name="x64" />
  </Configurations>
  <Folder Name="/Solution Items/">
    <File Path=".editorconfig" />
    <File Path="Directory.Build.props" />
    <File Path="Directory.Packages.props" />
    <File Path="eng/CmdPal.Extension.props" />
    <File Path="readme.md" />
  </Folder>
  <Project Path="src/JPSoftworks.ScreenManExtension/JPSoftworks.ScreenManExtension.csproj">
    <Platform Solution="*|ARM64" Project="ARM64" />
    <Platform Solution="*|x64" Project="x64" />
  </Project>
  <Project Path="tests/JPSoftworks.ScreenManExtension.UnitTests/JPSoftworks.ScreenManExtension.UnitTests.csproj">
    <Platform Solution="*|ARM64" Project="ARM64" />
    <Platform Solution="*|x64" Project="x64" />
  </Project>
  <Project Path="src/JPSoftworks.ScreenManExtension.Package/JPSoftworks.ScreenManExtension.Package.wapproj" Type="c7167f0d-bc9f-4e6e-afe1-012c56b48db5">
    <Platform Solution="*|ARM64" Project="ARM64" />
    <Platform Solution="*|x64" Project="x64" />
    <Deploy />
  </Project>
</Solution>
